// !$*UTF8*$!
{
	archiveVersion = 1;
	classes = {
	};
	objectVersion = 50;
	objects = {

/* Begin PBXBuildFile section */
		EA9A3E4124267E1100201C0C /* AppDelegate.swift in Sources */ = {isa = PBXBuildFile; fileRef = EA9A3E4024267E1100201C0C /* AppDelegate.swift */; };
		EA9A3E4324267E1100201C0C /* SceneDelegate.swift in Sources */ = {isa = PBXBuildFile; fileRef = EA9A3E4224267E1100201C0C /* SceneDelegate.swift */; };
		EA9A3E4524267E1100201C0C /* ContentView.swift in Sources */ = {isa = PBXBuildFile; fileRef = EA9A3E4424267E1100201C0C /* ContentView.swift */; };
		EA9A3E4724267E1300201C0C /* Assets.xcassets in Resources */ = {isa = PBXBuildFile; fileRef = EA9A3E4624267E1300201C0C /* Assets.xcassets */; };
		EA9A3E4A24267E1300201C0C /* Preview Assets.xcassets in Resources */ = {isa = PBXBuildFile; fileRef = EA9A3E4924267E1300201C0C /* Preview Assets.xcassets */; };
		EA9A3E4D24267E1300201C0C /* LaunchScreen.storyboard in Resources */ = {isa = PBXBuildFile; fileRef = EA9A3E4B24267E1300201C0C /* LaunchScreen.storyboard */; };
		EA9DFFAD2427D3AF00555352 /* CreateGameView.swift in Sources */ = {isa = PBXBuildFile; fileRef = EA9DFFAC2427D3AF00555352 /* CreateGameView.swift */; };
/* End PBXBuildFile section */

/* Begin PBXFileReference section */
		EA9A3E3D24267E1100201C0C /* SwiftUI-4.app */ = {isa = PBXFileReference; explicitFileType = wrapper.application; includeInIndex = 0; path = "SwiftUI-4.app"; sourceTree = BUILT_PRODUCTS_DIR; };
		EA9A3E4024267E1100201C0C /* AppDelegate.swift */ = {isa = PBXFileReference; lastKnownFileType = sourcecode.swift; path = AppDelegate.swift; sourceTree = "<group>"; };
		EA9A3E4224267E1100201C0C /* SceneDelegate.swift */ = {isa = PBXFileReference; lastKnownFileType = sourcecode.swift; path = SceneDelegate.swift; sourceTree = "<group>"; };
		EA9A3E4424267E1100201C0C /* ContentView.swift */ = {isa = PBXFileReference; lastKnownFileType = sourcecode.swift; path = ContentView.swift; sourceTree = "<group>"; };
		EA9A3E4624267E1300201C0C /* Assets.xcassets */ = {isa = PBXFileReference; lastKnownFileType = folder.assetcatalog; path = Assets.xcassets; sourceTree = "<group>"; };
		EA9A3E4924267E1300201C0C /* Preview Assets.xcassets */ = {isa = PBXFileReference; lastKnownFileType = folder.assetcatalog; path = "Preview Assets.xcassets"; sourceTree = "<group>"; };
		EA9A3E4C24267E1300201C0C /* Base */ = {isa = PBXFileReference; lastKnownFileType = file.storyboard; name = Base; path = Base.lproj/LaunchScreen.storyboard; sourceTree = "<group>"; };
		EA9A3E4E24267E1300201C0C /* Info.plist */ = {isa = PBXFileReference; lastKnownFileType = text.plist.xml; path = Info.plist; sourceTree = "<group>"; };
		EA9DFFAC2427D3AF00555352 /* CreateGameView.swift */ = {isa = PBXFileReference; lastKnownFileType = sourcecode.swift; path = CreateGameView.swift; sourceTree = "<group>"; };
/* End PBXFileReference section */

/* Begin PBXFrameworksBuildPhase section */
		EA9A3E3A24267E1100201C0C /* Frameworks */ = {
			isa = PBXFrameworksBuildPhase;
			buildActionMask = 2147483647;
			files = (
			);
			runOnlyForDeploymentPostprocessing = 0;
		};
/* End PBXFrameworksBuildPhase section */

/* Begin PBXGroup section */
		EA9A3E3424267E1100201C0C = {
			isa = PBXGroup;
			children = (
				EA9A3E3F24267E1100201C0C /* SwiftUI-4 */,
				EA9A3E3E24267E1100201C0C /* Products */,
			);
			sourceTree = "<group>";
		};
		EA9A3E3E24267E1100201C0C /* Products */ = {
			isa = PBXGroup;
			children = (
				EA9A3E3D24267E1100201C0C /* SwiftUI-4.app */,
			);
			name = Products;
			sourceTree = "<group>";
		};
		EA9A3E3F24267E1100201C0C /* SwiftUI-4 */ = {
			isa = PBXGroup;
			children = (
				EA9A3E4024267E1100201C0C /* AppDelegate.swift */,
				EA9A3E4224267E1100201C0C /* SceneDelegate.swift */,
				EA9A3E4424267E1100201C0C /* ContentView.swift */,
				EA9A3E4624267E1300201C0C /* Assets.xcassets */,
				EA9A3E4B24267E1300201C0C /* LaunchScreen.storyboard */,
				EA9A3E4E24267E1300201C0C /* Info.plist */,
				EA9A3E4824267E1300201C0C /* Preview Content */,
				EA9DFFAC2427D3AF00555352 /* CreateGameView.swift */,
			);
			path = "SwiftUI-4";
			sourceTree = "<group>";
		};
		EA9A3E4824267E1300201C0C /* Preview Content */ = {
			isa = PBXGroup;
			children = (
				EA9A3E4924267E1300201C0C /* Preview Assets.xcassets */,
			);
			path = "Preview Content";
			sourceTree = "<group>";
		};
/* End PBXGroup section */

/* Begin PBXNativeTarget section */
		EA9A3E3C24267E1100201C0C /* SwiftUI-4 */ = {
			isa = PBXNativeTarget;
			buildConfigurationList = EA9A3E5124267E1300201C0C /* Build configuration list for PBXNativeTarget "SwiftUI-4" */;
			buildPhases = (
				EA9A3E3924267E1100201C0C /* Sources */,
				EA9A3E3A24267E1100201C0C /* Frameworks */,
				EA9A3E3B24267E1100201C0C /* Resources */,
			);
			buildRules = (
			);
			dependencies = (
			);
			name = "SwiftUI-4";
			productName = "SwiftUI-4";
			productReference = EA9A3E3D24267E1100201C0C /* SwiftUI-4.app */;
			productType = "com.apple.product-type.application";
		};
/* End PBXNativeTarget section */

/* Begin PBXProject section */
		EA9A3E3524267E1100201C0C /* Project object */ = {
			isa = PBXProject;
			attributes = {
				LastSwiftUpdateCheck = 1130;
				LastUpgradeCheck = 1130;
				ORGANIZATIONNAME = "Marvin Zwolsman";
				TargetAttributes = {
					EA9A3E3C24267E1100201C0C = {
						CreatedOnToolsVersion = 11.3.1;
					};
				};
			};
			buildConfigurationList = EA9A3E3824267E1100201C0C /* Build configuration list for PBXProject "SwiftUI-4" */;
			compatibilityVersion = "Xcode 9.3";
			developmentRegion = en;
			hasScannedForEncodings = 0;
			knownRegions = (
				en,
				Base,
			);
			mainGroup = EA9A3E3424267E1100201C0C;
			productRefGroup = EA9A3E3E24267E1100201C0C /* Products */;
			projectDirPath = "";
			projectRoot = "";
			targets = (
				EA9A3E3C24267E1100201C0C /* SwiftUI-4 */,
			);
		};
/* End PBXProject section */

/* Begin PBXResourcesBuildPhase section */
		EA9A3E3B24267E1100201C0C /* Resources */ = {
			isa = PBXResourcesBuildPhase;
			buildActionMask = 2147483647;
			files = (
				EA9A3E4D24267E1300201C0C /* LaunchScreen.storyboard in Resources */,
				EA9A3E4A24267E1300201C0C /* Preview Assets.xcassets in Resources */,
				EA9A3E4724267E1300201C0C /* Assets.xcassets in Resources */,
			);
			runOnlyForDeploymentPostprocessing = 0;
		};
/* End PBXResourcesBuildPhase section */

/* Begin PBXSourcesBuildPhase section */
		EA9A3E3924267E1100201C0C /* Sources */ = {
			isa = PBXSourcesBuildPhase;
			buildActionMask = 2147483647;
			files = (
				EA9DFFAD2427D3AF00555352 /* CreateGameView.swift in Sources */,
				EA9A3E4124267E1100201C0C /* AppDelegate.swift in Sources */,
				EA9A3E4324267E1100201C0C /* SceneDelegate.swift in Sources */,
				EA9A3E4524267E1100201C0C /* ContentView.swift in Sources */,
			);
			runOnlyForDeploymentPostprocessing = 0;
		};
/* End PBXSourcesBuildPhase section */

/* Begin PBXVariantGroup section */
		EA9A3E4B24267E1300201C0C /* LaunchScreen.storyboard */ = {
			isa = PBXVariantGroup;
			children = (
				EA9A3E4C24267E1300201C0C /* Base */,
			);
			name = LaunchScreen.storyboard;
			sourceTree = "<group>";
		};
/* End PBXVariantGroup section */

/* Begin XCBuildConfiguration section */
		EA9A3E4F24267E1300201C0C /* Debug */ = {
			isa = XCBuildConfiguration;
			buildSettings = {
				ALWAYS_SEARCH_USER_PATHS = NO;
				CLANG_ANALYZER_NONNULL = YES;
				CLANG_ANALYZER_NUMBER_OBJECT_CONVERSION = YES_AGGRESSIVE;
				CLANG_CXX_LANGUAGE_STANDARD = "gnu++14";
				CLANG_CXX_LIBRARY = "libc++";
				CLANG_ENABLE_MODULES = YES;
				CLANG_ENABLE_OBJC_ARC = YES;
				CLANG_ENABLE_OBJC_WEAK = YES;
				CLANG_WARN_BLOCK_CAPTURE_AUTORELEASING = YES;
				CLANG_WARN_BOOL_CONVERSION = YES;
				CLANG_WARN_COMMA = YES;
				CLANG_WARN_CONSTANT_CONVERSION = YES;
				CLANG_WARN_DEPRECATED_OBJC_IMPLEMENTATIONS = YES;
				CLANG_WARN_DIRECT_OBJC_ISA_USAGE = YES_ERROR;
				CLANG_WARN_DOCUMENTATION_COMMENTS = YES;
				CLANG_WARN_EMPTY_BODY = YES;
				CLANG_WARN_ENUM_CONVERSION = YES;
				CLANG_WARN_INFINITE_RECURSION = YES;
				CLANG_WARN_INT_CONVERSION = YES;
				CLANG_WARN_NON_LITERAL_NULL_CONVERSION = YES;
				CLANG_WARN_OBJC_IMPLICIT_RETAIN_SELF = YES;
				CLANG_WARN_OBJC_LITERAL_CONVERSION = YES;
				CLANG_WARN_OBJC_ROOT_CLASS = YES_ERROR;
				CLANG_WARN_RANGE_LOOP_ANALYSIS = YES;
				CLANG_WARN_STRICT_PROTOTYPES = YES;
				CLANG_WARN_SUSPICIOUS_MOVE = YES;
				CLANG_WARN_UNGUARDED_AVAILABILITY = YES_AGGRESSIVE;
				CLANG_WARN_UNREACHABLE_CODE = YES;
				CLANG_WARN__DUPLICATE_METHOD_MATCH = YES;
				COPY_PHASE_STRIP = NO;
				DEBUG_INFORMATION_FORMAT = dwarf;
				ENABLE_STRICT_OBJC_MSGSEND = YES;
				ENABLE_TESTABILITY = YES;
				GCC_C_LANGUAGE_STANDARD = gnu11;
				GCC_DYNAMIC_NO_PIC = NO;
				GCC_NO_COMMON_BLOCKS = YES;
				GCC_OPTIMIZATION_LEVEL = 0;
				GCC_PREPROCESSOR_DEFINITIONS = (
					"DEBUG=1",
					"$(inherited)",
				);
				GCC_WARN_64_TO_32_BIT_CONVERSION = YES;
				GCC_WARN_ABOUT_RETURN_TYPE = YES_ERROR;
				GCC_WARN_UNDECLARED_SELECTOR = YES;
				GCC_WARN_UNINITIALIZED_AUTOS = YES_AGGRESSIVE;
				GCC_WARN_UNUSED_FUNCTION = YES;
				GCC_WARN_UNUSED_VARIABLE = YES;
				IPHONEOS_DEPLOYMENT_TARGET = 13.2;
				MTL_ENABLE_DEBUG_INFO = INCLUDE_SOURCE;
				MTL_FAST_MATH = YES;
				ONLY_ACTIVE_ARCH = YES;
				SDKROOT = iphoneos;
				SWIFT_ACTIVE_COMPILATION_CONDITIONS = DEBUG;
				SWIFT_OPTIMIZATION_LEVEL = "-Onone";
			};
			name = Debug;
		};
		EA9A3E5024267E1300201C0C /* Release */ = {
			isa = XCBuildConfiguration;
			buildSettings = {
				ALWAYS_SEARCH_USER_PATHS = NO;
				CLANG_ANALYZER_NONNULL = YES;
				CLANG_ANALYZER_NUMBER_OBJECT_CONVERSION = YES_AGGRESSIVE;
				CLANG_CXX_LANGUAGE_STANDARD = "gnu++14";
				CLANG_CXX_LIBRARY = "libc++";
				CLANG_ENABLE_MODULES = YES;
				CLANG_ENABLE_OBJC_ARC = YES;
				CLANG_ENABLE_OBJC_WEAK = YES;
				CLANG_WARN_BLOCK_CAPTURE_AUTORELEASING = YES;
				CLANG_WARN_BOOL_CONVERSION = YES;
				CLANG_WARN_COMMA = YES;
				CLANG_WARN_CONSTANT_CONVERSION = YES;
				CLANG_WARN_DEPRECATED_OBJC_IMPLEMENTATIONS = YES;
				CLANG_WARN_DIRECT_OBJC_ISA_USAGE = YES_ERROR;
				CLANG_WARN_DOCUMENTATION_COMMENTS = YES;
				CLANG_WARN_EMPTY_BODY = YES;
				CLANG_WARN_ENUM_CONVERSION = YES;
				CLANG_WARN_INFINITE_RECURSION = YES;
				CLANG_WARN_INT_CONVERSION = YES;
				CLANG_WARN_NON_LITERAL_NULL_CONVERSION = YES;
				CLANG_WARN_OBJC_IMPLICIT_RETAIN_SELF = YES;
				CLANG_WARN_OBJC_LITERAL_CONVERSION = YES;
				CLANG_WARN_OBJC_ROOT_CLASS = YES_ERROR;
				CLANG_WARN_RANGE_LOOP_ANALYSIS = YES;
				CLANG_WARN_STRICT_PROTOTYPES = YES;
				CLANG_WARN_SUSPICIOUS_MOVE = YES;
				CLANG_WARN_UNGUARDED_AVAILABILITY = YES_AGGRESSIVE;
				CLANG_WARN_UNREACHABLE_CODE = YES;
				CLANG_WARN__DUPLICATE_METHOD_MATCH = YES;
				COPY_PHASE_STRIP = NO;
				DEBUG_INFORMATION_FORMAT = "dwarf-with-dsym";
				ENABLE_NS_ASSERTIONS = NO;
				ENABLE_STRICT_OBJC_MSGSEND = YES;
				GCC_C_LANGUAGE_STANDARD = gnu11;
				GCC_NO_COMMON_BLOCKS = YES;
				GCC_WARN_64_TO_32_BIT_CONVERSION = YES;
				GCC_WARN_ABOUT_RETURN_TYPE = YES_ERROR;
				GCC_WARN_UNDECLARED_SELECTOR = YES;
				GCC_WARN_UNINITIALIZED_AUTOS = YES_AGGRESSIVE;
				GCC_WARN_UNUSED_FUNCTION = YES;
				GCC_WARN_UNUSED_VARIABLE = YES;
				IPHONEOS_DEPLOYMENT_TARGET = 13.2;
				MTL_ENABLE_DEBUG_INFO = NO;
				MTL_FAST_MATH = YES;
				SDKROOT = iphoneos;
				SWIFT_COMPILATION_MODE = wholemodule;
				SWIFT_OPTIMIZATION_LEVEL = "-O";
				VALIDATE_PRODUCT = YES;
			};
			name = Release;
		};
		EA9A3E5224267E1300201C0C /* Debug */ = {
			isa = XCBuildConfiguration;
			buildSettings = {
				ASSETCATALOG_COMPILER_APPICON_NAME = AppIcon;
				CODE_SIGN_STYLE = Automatic;
				DEVELOPMENT_ASSET_PATHS = "\"SwiftUI-4/Preview Content\"";
				DEVELOPMENT_TEAM = UV7YH72NQ8;
				ENABLE_PREVIEWS = YES;
				INFOPLIST_FILE = "SwiftUI-4/Info.plist";
				LD_RUNPATH_SEARCH_PATHS = (
					"$(inherited)",
					"@executable_path/Frameworks",
				);
				PRODUCT_BUNDLE_IDENTIFIER = "com.zwolsman.SwiftUI-4";
				PRODUCT_NAME = "$(TARGET_NAME)";
				SWIFT_VERSION = 5.0;
				TARGETED_DEVICE_FAMILY = "1,2";
			};
			name = Debug;
		};
		EA9A3E5324267E1300201C0C /* Release */ = {
			isa = XCBuildConfiguration;
			buildSettings = {
				ASSETCATALOG_COMPILER_APPICON_NAME = AppIcon;
				CODE_SIGN_STYLE = Automatic;
				DEVELOPMENT_ASSET_PATHS = "\"SwiftUI-4/Preview Content\"";
				DEVELOPMENT_TEAM = UV7YH72NQ8;
				ENABLE_PREVIEWS = YES;
				INFOPLIST_FILE = "SwiftUI-4/Info.plist";
				LD_RUNPATH_SEARCH_PATHS = (
					"$(inherited)",
					"@executable_path/Frameworks",
				);
				PRODUCT_BUNDLE_IDENTIFIER = "com.zwolsman.SwiftUI-4";
				PRODUCT_NAME = "$(TARGET_NAME)";
				SWIFT_VERSION = 5.0;
				TARGETED_DEVICE_FAMILY = "1,2";
			};
			name = Release;
		};
/* End XCBuildConfiguration section */

/* Begin XCConfigurationList section */
		EA9A3E3824267E1100201C0C /* Build configuration list for PBXProject "SwiftUI-4" */ = {
			isa = XCConfigurationList;
			buildConfigurations = (
				EA9A3E4F24267E1300201C0C /* Debug */,
				EA9A3E5024267E1300201C0C /* Release */,
			);
			defaultConfigurationIsVisible = 0;
			defaultConfigurationName = Release;
		};
		EA9A3E5124267E1300201C0C /* Build configuration list for PBXNativeTarget "SwiftUI-4" */ = {
			isa = XCConfigurationList;
			buildConfigurations = (
				EA9A3E5224267E1300201C0C /* Debug */,
				EA9A3E5324267E1300201C0C /* Release */,
			);
			defaultConfigurationIsVisible = 0;
			defaultConfigurationName = Release;
		};
/* End XCConfigurationList section */
	};
	rootObject = EA9A3E3524267E1100201C0C /* Project object */;
}
